{
    "name": "tsx_test_directory",
    "version": "0.1.0",
    "lockfileVersion": 1,
    "requires": true,
    "dependencies": {
        "typescript": {
            "version": "4.2.4",
            "resolved": "https://artifacts-434221058334.d.codeartifact.us-east-1.amazonaws.com:443/npm/npm-store/typescript/-/typescript-4.2.4.tgz",
            "integrity": "sha512-V+evlYHZnQkaz8TRBuxTA92yZBPotr5H+WhQ7bD3hZUndx5tGOa1fuCgeSjxAzM1RiN5IzvadIXTVefuuwZCRg==",
            "dev": true
        }
    }
}
